{
  "pins" : [
    {
      "identity" : "purchases-ios",
      "kind" : "remoteSourceControl",
      "location" : "https://github.com/RevenueCat/purchases-ios.git",
      "state" : {
        "revision" : "3f72670330ef187f5e309657b8de067e042c0d0d",
        "version" : "3.14.1"
      }
    }
  ],
  "version" : 2
}
