// !$*UTF8*$!
{
	archiveVersion = 1;
	classes = {
	};
	objectVersion = 55;
	objects = {

/* Begin PBXBuildFile section */
		2837933427AD83A900E61EE6 /* AppTabView.swift in Sources */ = {isa = PBXBuildFile; fileRef = 2837933327AD83A900E61EE6 /* AppTabView.swift */; };
		2837933627AD83D600E61EE6 /* AppTabViewModel.swift in Sources */ = {isa = PBXBuildFile; fileRef = 2837933527AD83D600E61EE6 /* AppTabViewModel.swift */; };
		2837933827AD844B00E61EE6 /* OnboardView.swift in Sources */ = {isa = PBXBuildFile; fileRef = 2837933727AD844B00E61EE6 /* OnboardView.swift */; };
		2837933B27AD849900E61EE6 /* LocationListCell.swift in Sources */ = {isa = PBXBuildFile; fileRef = 2837933A27AD849900E61EE6 /* LocationListCell.swift */; };
		2837933D27AD84E400E61EE6 /* LocationListView.swift in Sources */ = {isa = PBXBuildFile; fileRef = 2837933C27AD84E400E61EE6 /* LocationListView.swift */; };
		2837933F27AD850000E61EE6 /* LocationListViewModel.swift in Sources */ = {isa = PBXBuildFile; fileRef = 2837933E27AD850000E61EE6 /* LocationListViewModel.swift */; };
		2837934127AD85FE00E61EE6 /* ProfileViewModel.swift in Sources */ = {isa = PBXBuildFile; fileRef = 2837934027AD85FE00E61EE6 /* ProfileViewModel.swift */; };
		2837934327AD867300E61EE6 /* ProfileView.swift in Sources */ = {isa = PBXBuildFile; fileRef = 2837934227AD867300E61EE6 /* ProfileView.swift */; };
		2837934627AD871C00E61EE6 /* PhotoPicker.swift in Sources */ = {isa = PBXBuildFile; fileRef = 2837934527AD871C00E61EE6 /* PhotoPicker.swift */; };
		2837934827AD876800E61EE6 /* CustomModifiers.swift in Sources */ = {isa = PBXBuildFile; fileRef = 2837934727AD876800E61EE6 /* CustomModifiers.swift */; };
		2837934A27AD884700E61EE6 /* View+Ext.swift in Sources */ = {isa = PBXBuildFile; fileRef = 2837934927AD884700E61EE6 /* View+Ext.swift */; };
		28C2670627D909D6003376DA /* StoreManager.swift in Sources */ = {isa = PBXBuildFile; fileRef = 28C2670527D909D6003376DA /* StoreManager.swift */; };
		28C2670927ECE42A003376DA /* StoreModalView.swift in Sources */ = {isa = PBXBuildFile; fileRef = 28C2670827ECE42A003376DA /* StoreModalView.swift */; };
		28C2670B27F27912003376DA /* StoreModalViewModel.swift in Sources */ = {isa = PBXBuildFile; fileRef = 28C2670A27F27912003376DA /* StoreModalViewModel.swift */; };
		28E02E5B27B47A3700F69A30 /* StoreKit.framework in Frameworks */ = {isa = PBXBuildFile; fileRef = 28E02E5A27B47A3700F69A30 /* StoreKit.framework */; };
		28E02E5E27B47E0300F69A30 /* Purchases in Frameworks */ = {isa = PBXBuildFile; productRef = 28E02E5D27B47E0300F69A30 /* Purchases */; };
		28E11C7927FC904C00AAE718 /* PurchasesManager.swift in Sources */ = {isa = PBXBuildFile; fileRef = 28E11C7827FC904B00AAE718 /* PurchasesManager.swift */; };
		28FBA6CD27A9E245000B11C6 /* FullPlayApp.swift in Sources */ = {isa = PBXBuildFile; fileRef = 28FBA6CC27A9E245000B11C6 /* FullPlayApp.swift */; };
		28FBA6D127A9E247000B11C6 /* Assets.xcassets in Resources */ = {isa = PBXBuildFile; fileRef = 28FBA6D027A9E247000B11C6 /* Assets.xcassets */; };
		28FBA6D427A9E247000B11C6 /* Preview Assets.xcassets in Resources */ = {isa = PBXBuildFile; fileRef = 28FBA6D327A9E247000B11C6 /* Preview Assets.xcassets */; };
		28FBA6DE27AAB806000B11C6 /* Constants.swift in Sources */ = {isa = PBXBuildFile; fileRef = 28FBA6DD27AAB806000B11C6 /* Constants.swift */; };
		28FBA6E127AAB974000B11C6 /* Color+Ext.swift in Sources */ = {isa = PBXBuildFile; fileRef = 28FBA6E027AAB974000B11C6 /* Color+Ext.swift */; };
		28FBA6E327AABD9F000B11C6 /* CKAsset+Ext.swift in Sources */ = {isa = PBXBuildFile; fileRef = 28FBA6E227AABD9F000B11C6 /* CKAsset+Ext.swift */; };
		28FBA6E527AABE1F000B11C6 /* UIImage+Ext.swift in Sources */ = {isa = PBXBuildFile; fileRef = 28FBA6E427AABE1F000B11C6 /* UIImage+Ext.swift */; };
		28FBA6E727AAC40F000B11C6 /* AlertItem.swift in Sources */ = {isa = PBXBuildFile; fileRef = 28FBA6E627AAC40F000B11C6 /* AlertItem.swift */; };
		28FBA6E927AACF61000B11C6 /* FPLocation.swift in Sources */ = {isa = PBXBuildFile; fileRef = 28FBA6E827AACF61000B11C6 /* FPLocation.swift */; };
		28FBA6EB27AAD13B000B11C6 /* FPCategory.swift in Sources */ = {isa = PBXBuildFile; fileRef = 28FBA6EA27AAD13B000B11C6 /* FPCategory.swift */; };
		28FBA6ED27AAD37F000B11C6 /* FPZone.swift in Sources */ = {isa = PBXBuildFile; fileRef = 28FBA6EC27AAD37F000B11C6 /* FPZone.swift */; };
		28FBA6EF27AAD43A000B11C6 /* FPProfile.swift in Sources */ = {isa = PBXBuildFile; fileRef = 28FBA6EE27AAD43A000B11C6 /* FPProfile.swift */; };
		28FBA6F127AADD35000B11C6 /* MockData.swift in Sources */ = {isa = PBXBuildFile; fileRef = 28FBA6F027AADD35000B11C6 /* MockData.swift */; };
		28FBA6F627AAE58D000B11C6 /* LocationManager.swift in Sources */ = {isa = PBXBuildFile; fileRef = 28FBA6F527AAE58D000B11C6 /* LocationManager.swift */; };
		28FBA6F827AAE5DB000B11C6 /* HapticManager.swift in Sources */ = {isa = PBXBuildFile; fileRef = 28FBA6F727AAE5DB000B11C6 /* HapticManager.swift */; };
		28FBA6FA27AAE650000B11C6 /* CloudKitManager.swift in Sources */ = {isa = PBXBuildFile; fileRef = 28FBA6F927AAE650000B11C6 /* CloudKitManager.swift */; };
		28FBA6FD27AAEDDA000B11C6 /* LocationsMapViewModel.swift in Sources */ = {isa = PBXBuildFile; fileRef = 28FBA6FC27AAEDDA000B11C6 /* LocationsMapViewModel.swift */; };
		28FBA6FF27AAEE3C000B11C6 /* LocationsMapView.swift in Sources */ = {isa = PBXBuildFile; fileRef = 28FBA6FE27AAEE3C000B11C6 /* LocationsMapView.swift */; };
		28FBA70227AB0E26000B11C6 /* LocationDetailView.swift in Sources */ = {isa = PBXBuildFile; fileRef = 28FBA70127AB0E26000B11C6 /* LocationDetailView.swift */; };
		28FBA70427AB0E65000B11C6 /* LocationDetailViewModel.swift in Sources */ = {isa = PBXBuildFile; fileRef = 28FBA70327AB0E65000B11C6 /* LocationDetailViewModel.swift */; };
		28FBA70827AB1096000B11C6 /* MapBalloon.swift in Sources */ = {isa = PBXBuildFile; fileRef = 28FBA70727AB1096000B11C6 /* MapBalloon.swift */; };
		28FBA70A27AB10F9000B11C6 /* FPAnnotation.swift in Sources */ = {isa = PBXBuildFile; fileRef = 28FBA70927AB10F9000B11C6 /* FPAnnotation.swift */; };
		28FBA70C27AB11D1000B11C6 /* LogoView.swift in Sources */ = {isa = PBXBuildFile; fileRef = 28FBA70B27AB11D1000B11C6 /* LogoView.swift */; };
		28FBA70F27AB16D9000B11C6 /* ProfileModalView.swift in Sources */ = {isa = PBXBuildFile; fileRef = 28FBA70E27AB16D9000B11C6 /* ProfileModalView.swift */; };
		28FBA71227AB17E3000B11C6 /* XDismissButton.swift in Sources */ = {isa = PBXBuildFile; fileRef = 28FBA71127AB17E3000B11C6 /* XDismissButton.swift */; };
		28FBA71427AB1877000B11C6 /* AvatarView.swift in Sources */ = {isa = PBXBuildFile; fileRef = 28FBA71327AB1877000B11C6 /* AvatarView.swift */; };
		28FBA71627AB18C8000B11C6 /* LoadingView.swift in Sources */ = {isa = PBXBuildFile; fileRef = 28FBA71527AB18C8000B11C6 /* LoadingView.swift */; };
		28FBA71A27AB27EA000B11C6 /* CloudKit.framework in Frameworks */ = {isa = PBXBuildFile; fileRef = 28FBA71927AB27EA000B11C6 /* CloudKit.framework */; };
/* End PBXBuildFile section */

/* Begin PBXFileReference section */
		2837933327AD83A900E61EE6 /* AppTabView.swift */ = {isa = PBXFileReference; lastKnownFileType = sourcecode.swift; path = AppTabView.swift; sourceTree = "<group>"; };
		2837933527AD83D600E61EE6 /* AppTabViewModel.swift */ = {isa = PBXFileReference; lastKnownFileType = sourcecode.swift; path = AppTabViewModel.swift; sourceTree = "<group>"; };
		2837933727AD844B00E61EE6 /* OnboardView.swift */ = {isa = PBXFileReference; lastKnownFileType = sourcecode.swift; path = OnboardView.swift; sourceTree = "<group>"; };
		2837933A27AD849900E61EE6 /* LocationListCell.swift */ = {isa = PBXFileReference; lastKnownFileType = sourcecode.swift; path = LocationListCell.swift; sourceTree = "<group>"; };
		2837933C27AD84E400E61EE6 /* LocationListView.swift */ = {isa = PBXFileReference; lastKnownFileType = sourcecode.swift; path = LocationListView.swift; sourceTree = "<group>"; };
		2837933E27AD850000E61EE6 /* LocationListViewModel.swift */ = {isa = PBXFileReference; lastKnownFileType = sourcecode.swift; path = LocationListViewModel.swift; sourceTree = "<group>"; };
		2837934027AD85FE00E61EE6 /* ProfileViewModel.swift */ = {isa = PBXFileReference; lastKnownFileType = sourcecode.swift; path = ProfileViewModel.swift; sourceTree = "<group>"; };
		2837934227AD867300E61EE6 /* ProfileView.swift */ = {isa = PBXFileReference; lastKnownFileType = sourcecode.swift; path = ProfileView.swift; sourceTree = "<group>"; };
		2837934527AD871C00E61EE6 /* PhotoPicker.swift */ = {isa = PBXFileReference; lastKnownFileType = sourcecode.swift; path = PhotoPicker.swift; sourceTree = "<group>"; };
		2837934727AD876800E61EE6 /* CustomModifiers.swift */ = {isa = PBXFileReference; lastKnownFileType = sourcecode.swift; path = CustomModifiers.swift; sourceTree = "<group>"; };
		2837934927AD884700E61EE6 /* View+Ext.swift */ = {isa = PBXFileReference; lastKnownFileType = sourcecode.swift; path = "View+Ext.swift"; sourceTree = "<group>"; };
		28C2670527D909D6003376DA /* StoreManager.swift */ = {isa = PBXFileReference; lastKnownFileType = sourcecode.swift; path = StoreManager.swift; sourceTree = "<group>"; };
		28C2670827ECE42A003376DA /* StoreModalView.swift */ = {isa = PBXFileReference; lastKnownFileType = sourcecode.swift; path = StoreModalView.swift; sourceTree = "<group>"; };
		28C2670A27F27912003376DA /* StoreModalViewModel.swift */ = {isa = PBXFileReference; lastKnownFileType = sourcecode.swift; path = StoreModalViewModel.swift; sourceTree = "<group>"; };
		28E02E5A27B47A3700F69A30 /* StoreKit.framework */ = {isa = PBXFileReference; lastKnownFileType = wrapper.framework; name = StoreKit.framework; path = System/Library/Frameworks/StoreKit.framework; sourceTree = SDKROOT; };
		28E11C7827FC904B00AAE718 /* PurchasesManager.swift */ = {isa = PBXFileReference; lastKnownFileType = sourcecode.swift; path = PurchasesManager.swift; sourceTree = "<group>"; };
		28FBA6C927A9E245000B11C6 /* FullPlay.app */ = {isa = PBXFileReference; explicitFileType = wrapper.application; includeInIndex = 0; path = FullPlay.app; sourceTree = BUILT_PRODUCTS_DIR; };
		28FBA6CC27A9E245000B11C6 /* FullPlayApp.swift */ = {isa = PBXFileReference; lastKnownFileType = sourcecode.swift; path = FullPlayApp.swift; sourceTree = "<group>"; };
		28FBA6D027A9E247000B11C6 /* Assets.xcassets */ = {isa = PBXFileReference; lastKnownFileType = folder.assetcatalog; path = Assets.xcassets; sourceTree = "<group>"; };
		28FBA6D327A9E247000B11C6 /* Preview Assets.xcassets */ = {isa = PBXFileReference; lastKnownFileType = folder.assetcatalog; path = "Preview Assets.xcassets"; sourceTree = "<group>"; };
		28FBA6DD27AAB806000B11C6 /* Constants.swift */ = {isa = PBXFileReference; lastKnownFileType = sourcecode.swift; path = Constants.swift; sourceTree = "<group>"; };
		28FBA6E027AAB974000B11C6 /* Color+Ext.swift */ = {isa = PBXFileReference; lastKnownFileType = sourcecode.swift; path = "Color+Ext.swift"; sourceTree = "<group>"; };
		28FBA6E227AABD9F000B11C6 /* CKAsset+Ext.swift */ = {isa = PBXFileReference; lastKnownFileType = sourcecode.swift; path = "CKAsset+Ext.swift"; sourceTree = "<group>"; };
		28FBA6E427AABE1F000B11C6 /* UIImage+Ext.swift */ = {isa = PBXFileReference; lastKnownFileType = sourcecode.swift; path = "UIImage+Ext.swift"; sourceTree = "<group>"; };
		28FBA6E627AAC40F000B11C6 /* AlertItem.swift */ = {isa = PBXFileReference; lastKnownFileType = sourcecode.swift; path = AlertItem.swift; sourceTree = "<group>"; };
		28FBA6E827AACF61000B11C6 /* FPLocation.swift */ = {isa = PBXFileReference; lastKnownFileType = sourcecode.swift; path = FPLocation.swift; sourceTree = "<group>"; };
		28FBA6EA27AAD13B000B11C6 /* FPCategory.swift */ = {isa = PBXFileReference; lastKnownFileType = sourcecode.swift; path = FPCategory.swift; sourceTree = "<group>"; };
		28FBA6EC27AAD37F000B11C6 /* FPZone.swift */ = {isa = PBXFileReference; lastKnownFileType = sourcecode.swift; path = FPZone.swift; sourceTree = "<group>"; };
		28FBA6EE27AAD43A000B11C6 /* FPProfile.swift */ = {isa = PBXFileReference; lastKnownFileType = sourcecode.swift; path = FPProfile.swift; sourceTree = "<group>"; };
		28FBA6F027AADD35000B11C6 /* MockData.swift */ = {isa = PBXFileReference; lastKnownFileType = sourcecode.swift; path = MockData.swift; sourceTree = "<group>"; };
		28FBA6F527AAE58D000B11C6 /* LocationManager.swift */ = {isa = PBXFileReference; lastKnownFileType = sourcecode.swift; path = LocationManager.swift; sourceTree = "<group>"; };
		28FBA6F727AAE5DB000B11C6 /* HapticManager.swift */ = {isa = PBXFileReference; lastKnownFileType = sourcecode.swift; path = HapticManager.swift; sourceTree = "<group>"; };
		28FBA6F927AAE650000B11C6 /* CloudKitManager.swift */ = {isa = PBXFileReference; lastKnownFileType = sourcecode.swift; path = CloudKitManager.swift; sourceTree = "<group>"; };
		28FBA6FC27AAEDDA000B11C6 /* LocationsMapViewModel.swift */ = {isa = PBXFileReference; lastKnownFileType = sourcecode.swift; path = LocationsMapViewModel.swift; sourceTree = "<group>"; };
		28FBA6FE27AAEE3C000B11C6 /* LocationsMapView.swift */ = {isa = PBXFileReference; lastKnownFileType = sourcecode.swift; path = LocationsMapView.swift; sourceTree = "<group>"; };
		28FBA70127AB0E26000B11C6 /* LocationDetailView.swift */ = {isa = PBXFileReference; lastKnownFileType = sourcecode.swift; path = LocationDetailView.swift; sourceTree = "<group>"; };
		28FBA70327AB0E65000B11C6 /* LocationDetailViewModel.swift */ = {isa = PBXFileReference; lastKnownFileType = sourcecode.swift; path = LocationDetailViewModel.swift; sourceTree = "<group>"; };
		28FBA70727AB1096000B11C6 /* MapBalloon.swift */ = {isa = PBXFileReference; lastKnownFileType = sourcecode.swift; path = MapBalloon.swift; sourceTree = "<group>"; };
		28FBA70927AB10F9000B11C6 /* FPAnnotation.swift */ = {isa = PBXFileReference; lastKnownFileType = sourcecode.swift; path = FPAnnotation.swift; sourceTree = "<group>"; };
		28FBA70B27AB11D1000B11C6 /* LogoView.swift */ = {isa = PBXFileReference; lastKnownFileType = sourcecode.swift; path = LogoView.swift; sourceTree = "<group>"; };
		28FBA70E27AB16D9000B11C6 /* ProfileModalView.swift */ = {isa = PBXFileReference; lastKnownFileType = sourcecode.swift; path = ProfileModalView.swift; sourceTree = "<group>"; };
		28FBA71127AB17E3000B11C6 /* XDismissButton.swift */ = {isa = PBXFileReference; lastKnownFileType = sourcecode.swift; path = XDismissButton.swift; sourceTree = "<group>"; };
		28FBA71327AB1877000B11C6 /* AvatarView.swift */ = {isa = PBXFileReference; lastKnownFileType = sourcecode.swift; path = AvatarView.swift; sourceTree = "<group>"; };
		28FBA71527AB18C8000B11C6 /* LoadingView.swift */ = {isa = PBXFileReference; lastKnownFileType = sourcecode.swift; path = LoadingView.swift; sourceTree = "<group>"; };
		28FBA71727AB27D2000B11C6 /* FullPlay.entitlements */ = {isa = PBXFileReference; lastKnownFileType = text.plist.entitlements; path = FullPlay.entitlements; sourceTree = "<group>"; };
		28FBA71927AB27EA000B11C6 /* CloudKit.framework */ = {isa = PBXFileReference; lastKnownFileType = wrapper.framework; name = CloudKit.framework; path = System/Library/Frameworks/CloudKit.framework; sourceTree = SDKROOT; };
/* End PBXFileReference section */

/* Begin PBXFrameworksBuildPhase section */
		28FBA6C627A9E245000B11C6 /* Frameworks */ = {
			isa = PBXFrameworksBuildPhase;
			buildActionMask = 2147483647;
			files = (
				28FBA71A27AB27EA000B11C6 /* CloudKit.framework in Frameworks */,
				28E02E5B27B47A3700F69A30 /* StoreKit.framework in Frameworks */,
				28E02E5E27B47E0300F69A30 /* Purchases in Frameworks */,
			);
			runOnlyForDeploymentPostprocessing = 0;
		};
/* End PBXFrameworksBuildPhase section */

/* Begin PBXGroup section */
		2837933227AD835500E61EE6 /* AppTabView */ = {
			isa = PBXGroup;
			children = (
				2837933527AD83D600E61EE6 /* AppTabViewModel.swift */,
				2837933327AD83A900E61EE6 /* AppTabView.swift */,
			);
			path = AppTabView;
			sourceTree = "<group>";
		};
		2837933927AD846C00E61EE6 /* LocationsListView */ = {
			isa = PBXGroup;
			children = (
				2837933E27AD850000E61EE6 /* LocationListViewModel.swift */,
				2837933C27AD84E400E61EE6 /* LocationListView.swift */,
				2837933A27AD849900E61EE6 /* LocationListCell.swift */,
			);
			path = LocationsListView;
			sourceTree = "<group>";
		};
		2837934427AD86E200E61EE6 /* UIKit Components */ = {
			isa = PBXGroup;
			children = (
				2837934527AD871C00E61EE6 /* PhotoPicker.swift */,
			);
			path = "UIKit Components";
			sourceTree = "<group>";
		};
		28C2670727ECE3C9003376DA /* StoreView */ = {
			isa = PBXGroup;
			children = (
				28C2670A27F27912003376DA /* StoreModalViewModel.swift */,
				28C2670827ECE42A003376DA /* StoreModalView.swift */,
			);
			path = StoreView;
			sourceTree = "<group>";
		};
		28FBA6C027A9E245000B11C6 = {
			isa = PBXGroup;
			children = (
				28FBA6CB27A9E245000B11C6 /* FullPlay */,
				28FBA6CA27A9E245000B11C6 /* Products */,
				28FBA71827AB27EA000B11C6 /* Frameworks */,
			);
			sourceTree = "<group>";
		};
		28FBA6CA27A9E245000B11C6 /* Products */ = {
			isa = PBXGroup;
			children = (
				28FBA6C927A9E245000B11C6 /* FullPlay.app */,
			);
			name = Products;
			sourceTree = "<group>";
		};
		28FBA6CB27A9E245000B11C6 /* FullPlay */ = {
			isa = PBXGroup;
			children = (
				28FBA71727AB27D2000B11C6 /* FullPlay.entitlements */,
				28FBA6CC27A9E245000B11C6 /* FullPlayApp.swift */,
				28FBA6DB27AAB7C0000B11C6 /* Utilities */,
				28FBA6DA27AAB71E000B11C6 /* Model */,
				28FBA6F327AAE528000B11C6 /* View */,
				28FBA6D027A9E247000B11C6 /* Assets.xcassets */,
				28FBA6D227A9E247000B11C6 /* Preview Content */,
			);
			path = FullPlay;
			sourceTree = "<group>";
		};
		28FBA6D227A9E247000B11C6 /* Preview Content */ = {
			isa = PBXGroup;
			children = (
				28FBA6D327A9E247000B11C6 /* Preview Assets.xcassets */,
			);
			path = "Preview Content";
			sourceTree = "<group>";
		};
		28FBA6DA27AAB71E000B11C6 /* Model */ = {
			isa = PBXGroup;
			children = (
				28FBA6E827AACF61000B11C6 /* FPLocation.swift */,
				28FBA6EA27AAD13B000B11C6 /* FPCategory.swift */,
				28FBA6EC27AAD37F000B11C6 /* FPZone.swift */,
				28FBA6EE27AAD43A000B11C6 /* FPProfile.swift */,
				28FBA6F027AADD35000B11C6 /* MockData.swift */,
			);
			path = Model;
			sourceTree = "<group>";
		};
		28FBA6DB27AAB7C0000B11C6 /* Utilities */ = {
			isa = PBXGroup;
			children = (
				28FBA6F427AAE575000B11C6 /* Managers */,
				28FBA6DF27AAB95D000B11C6 /* Extensions */,
				28FBA6DD27AAB806000B11C6 /* Constants.swift */,
				28FBA6E627AAC40F000B11C6 /* AlertItem.swift */,
			);
			path = Utilities;
			sourceTree = "<group>";
		};
		28FBA6DF27AAB95D000B11C6 /* Extensions */ = {
			isa = PBXGroup;
			children = (
				28FBA6E027AAB974000B11C6 /* Color+Ext.swift */,
				28FBA6E227AABD9F000B11C6 /* CKAsset+Ext.swift */,
				28FBA6E427AABE1F000B11C6 /* UIImage+Ext.swift */,
				2837934927AD884700E61EE6 /* View+Ext.swift */,
			);
			path = Extensions;
			sourceTree = "<group>";
		};
		28FBA6F227AAE503000B11C6 /* Screens */ = {
			isa = PBXGroup;
			children = (
				2837933227AD835500E61EE6 /* AppTabView */,
				28FBA70D27AB166E000B11C6 /* ProfileView */,
				28FBA70027AB0DFD000B11C6 /* LocationDetailView */,
				28FBA6FB27AAEDB6000B11C6 /* LocationsMapView */,
				2837933927AD846C00E61EE6 /* LocationsListView */,
				28C2670727ECE3C9003376DA /* StoreView */,
				2837933727AD844B00E61EE6 /* OnboardView.swift */,
			);
			path = Screens;
			sourceTree = "<group>";
		};
		28FBA6F327AAE528000B11C6 /* View */ = {
			isa = PBXGroup;
			children = (
				2837934727AD876800E61EE6 /* CustomModifiers.swift */,
				28FBA71027AB17C8000B11C6 /* Buttons */,
				28FBA70527AB1010000B11C6 /* CustomViews */,
				28FBA6F227AAE503000B11C6 /* Screens */,
			);
			path = View;
			sourceTree = "<group>";
		};
		28FBA6F427AAE575000B11C6 /* Managers */ = {
			isa = PBXGroup;
			children = (
				28FBA6F927AAE650000B11C6 /* CloudKitManager.swift */,
				28FBA6F527AAE58D000B11C6 /* LocationManager.swift */,
				28FBA6F727AAE5DB000B11C6 /* HapticManager.swift */,
				28C2670527D909D6003376DA /* StoreManager.swift */,
				28E11C7827FC904B00AAE718 /* PurchasesManager.swift */,
			);
			path = Managers;
			sourceTree = "<group>";
		};
		28FBA6FB27AAEDB6000B11C6 /* LocationsMapView */ = {
			isa = PBXGroup;
			children = (
				28FBA6FC27AAEDDA000B11C6 /* LocationsMapViewModel.swift */,
				28FBA6FE27AAEE3C000B11C6 /* LocationsMapView.swift */,
			);
			path = LocationsMapView;
			sourceTree = "<group>";
		};
		28FBA70027AB0DFD000B11C6 /* LocationDetailView */ = {
			isa = PBXGroup;
			children = (
				28FBA70327AB0E65000B11C6 /* LocationDetailViewModel.swift */,
				28FBA70127AB0E26000B11C6 /* LocationDetailView.swift */,
			);
			path = LocationDetailView;
			sourceTree = "<group>";
		};
		28FBA70527AB1010000B11C6 /* CustomViews */ = {
			isa = PBXGroup;
			children = (
				2837934427AD86E200E61EE6 /* UIKit Components */,
				28FBA70627AB1059000B11C6 /* MapAnnotation */,
				28FBA70B27AB11D1000B11C6 /* LogoView.swift */,
				28FBA71327AB1877000B11C6 /* AvatarView.swift */,
				28FBA71527AB18C8000B11C6 /* LoadingView.swift */,
			);
			path = CustomViews;
			sourceTree = "<group>";
		};
		28FBA70627AB1059000B11C6 /* MapAnnotation */ = {
			isa = PBXGroup;
			children = (
				28FBA70727AB1096000B11C6 /* MapBalloon.swift */,
				28FBA70927AB10F9000B11C6 /* FPAnnotation.swift */,
			);
			path = MapAnnotation;
			sourceTree = "<group>";
		};
		28FBA70D27AB166E000B11C6 /* ProfileView */ = {
			isa = PBXGroup;
			children = (
				2837934027AD85FE00E61EE6 /* ProfileViewModel.swift */,
				28FBA70E27AB16D9000B11C6 /* ProfileModalView.swift */,
				2837934227AD867300E61EE6 /* ProfileView.swift */,
			);
			path = ProfileView;
			sourceTree = "<group>";
		};
		28FBA71027AB17C8000B11C6 /* Buttons */ = {
			isa = PBXGroup;
			children = (
				28FBA71127AB17E3000B11C6 /* XDismissButton.swift */,
			);
			path = Buttons;
			sourceTree = "<group>";
		};
		28FBA71827AB27EA000B11C6 /* Frameworks */ = {
			isa = PBXGroup;
			children = (
				28E02E5A27B47A3700F69A30 /* StoreKit.framework */,
				28FBA71927AB27EA000B11C6 /* CloudKit.framework */,
			);
			name = Frameworks;
			sourceTree = "<group>";
		};
/* End PBXGroup section */

/* Begin PBXNativeTarget section */
		28FBA6C827A9E245000B11C6 /* FullPlay */ = {
			isa = PBXNativeTarget;
			buildConfigurationList = 28FBA6D727A9E247000B11C6 /* Build configuration list for PBXNativeTarget "FullPlay" */;
			buildPhases = (
				28FBA6C527A9E245000B11C6 /* Sources */,
				28FBA6C627A9E245000B11C6 /* Frameworks */,
				28FBA6C727A9E245000B11C6 /* Resources */,
			);
			buildRules = (
			);
			dependencies = (
			);
			name = FullPlay;
			packageProductDependencies = (
				28E02E5D27B47E0300F69A30 /* Purchases */,
			);
			productName = FullPlay;
			productReference = 28FBA6C927A9E245000B11C6 /* FullPlay.app */;
			productType = "com.apple.product-type.application";
		};
/* End PBXNativeTarget section */

/* Begin PBXProject section */
		28FBA6C127A9E245000B11C6 /* Project object */ = {
			isa = PBXProject;
			attributes = {
				BuildIndependentTargetsInParallel = 1;
				LastSwiftUpdateCheck = 1320;
				LastUpgradeCheck = 1320;
				TargetAttributes = {
					28FBA6C827A9E245000B11C6 = {
						CreatedOnToolsVersion = 13.2.1;
					};
				};
			};
			buildConfigurationList = 28FBA6C427A9E245000B11C6 /* Build configuration list for PBXProject "FullPlay" */;
			compatibilityVersion = "Xcode 13.0";
			developmentRegion = en;
			hasScannedForEncodings = 0;
			knownRegions = (
				en,
				Base,
			);
			mainGroup = 28FBA6C027A9E245000B11C6;
			packageReferences = (
				28E02E5C27B47E0300F69A30 /* XCRemoteSwiftPackageReference "purchases-ios" */,
			);
			productRefGroup = 28FBA6CA27A9E245000B11C6 /* Products */;
			projectDirPath = "";
			projectRoot = "";
			targets = (
				28FBA6C827A9E245000B11C6 /* FullPlay */,
			);
		};
/* End PBXProject section */

/* Begin PBXResourcesBuildPhase section */
		28FBA6C727A9E245000B11C6 /* Resources */ = {
			isa = PBXResourcesBuildPhase;
			buildActionMask = 2147483647;
			files = (
				28FBA6D427A9E247000B11C6 /* Preview Assets.xcassets in Resources */,
				28FBA6D127A9E247000B11C6 /* Assets.xcassets in Resources */,
			);
			runOnlyForDeploymentPostprocessing = 0;
		};
/* End PBXResourcesBuildPhase section */

/* Begin PBXSourcesBuildPhase section */
		28FBA6C527A9E245000B11C6 /* Sources */ = {
			isa = PBXSourcesBuildPhase;
			buildActionMask = 2147483647;
			files = (
				2837934A27AD884700E61EE6 /* View+Ext.swift in Sources */,
				28FBA6EB27AAD13B000B11C6 /* FPCategory.swift in Sources */,
				28FBA6F127AADD35000B11C6 /* MockData.swift in Sources */,
				28FBA70227AB0E26000B11C6 /* LocationDetailView.swift in Sources */,
				28FBA6F827AAE5DB000B11C6 /* HapticManager.swift in Sources */,
				2837933627AD83D600E61EE6 /* AppTabViewModel.swift in Sources */,
				28FBA70827AB1096000B11C6 /* MapBalloon.swift in Sources */,
				2837933B27AD849900E61EE6 /* LocationListCell.swift in Sources */,
				28FBA6FF27AAEE3C000B11C6 /* LocationsMapView.swift in Sources */,
				28FBA6ED27AAD37F000B11C6 /* FPZone.swift in Sources */,
				28FBA70427AB0E65000B11C6 /* LocationDetailViewModel.swift in Sources */,
				28C2670627D909D6003376DA /* StoreManager.swift in Sources */,
				28FBA71427AB1877000B11C6 /* AvatarView.swift in Sources */,
				28FBA6E727AAC40F000B11C6 /* AlertItem.swift in Sources */,
				28FBA6EF27AAD43A000B11C6 /* FPProfile.swift in Sources */,
				2837933D27AD84E400E61EE6 /* LocationListView.swift in Sources */,
				28FBA71627AB18C8000B11C6 /* LoadingView.swift in Sources */,
				28FBA6E927AACF61000B11C6 /* FPLocation.swift in Sources */,
				28FBA6E327AABD9F000B11C6 /* CKAsset+Ext.swift in Sources */,
				28C2670B27F27912003376DA /* StoreModalViewModel.swift in Sources */,
				2837934127AD85FE00E61EE6 /* ProfileViewModel.swift in Sources */,
				28FBA70F27AB16D9000B11C6 /* ProfileModalView.swift in Sources */,
				28FBA70C27AB11D1000B11C6 /* LogoView.swift in Sources */,
				28FBA6E127AAB974000B11C6 /* Color+Ext.swift in Sources */,
				2837933827AD844B00E61EE6 /* OnboardView.swift in Sources */,
				28FBA70A27AB10F9000B11C6 /* FPAnnotation.swift in Sources */,
				28E11C7927FC904C00AAE718 /* PurchasesManager.swift in Sources */,
				2837933F27AD850000E61EE6 /* LocationListViewModel.swift in Sources */,
				28FBA6E527AABE1F000B11C6 /* UIImage+Ext.swift in Sources */,
				2837934327AD867300E61EE6 /* ProfileView.swift in Sources */,
				28FBA6CD27A9E245000B11C6 /* FullPlayApp.swift in Sources */,
				2837934627AD871C00E61EE6 /* PhotoPicker.swift in Sources */,
				2837933427AD83A900E61EE6 /* AppTabView.swift in Sources */,
				28FBA6FD27AAEDDA000B11C6 /* LocationsMapViewModel.swift in Sources */,
				28C2670927ECE42A003376DA /* StoreModalView.swift in Sources */,
				28FBA6DE27AAB806000B11C6 /* Constants.swift in Sources */,
				28FBA6F627AAE58D000B11C6 /* LocationManager.swift in Sources */,
				2837934827AD876800E61EE6 /* CustomModifiers.swift in Sources */,
				28FBA6FA27AAE650000B11C6 /* CloudKitManager.swift in Sources */,
				28FBA71227AB17E3000B11C6 /* XDismissButton.swift in Sources */,
			);
			runOnlyForDeploymentPostprocessing = 0;
		};
/* End PBXSourcesBuildPhase section */

/* Begin XCBuildConfiguration section */
		28FBA6D527A9E247000B11C6 /* Debug */ = {
			isa = XCBuildConfiguration;
			buildSettings = {
				ALWAYS_SEARCH_USER_PATHS = NO;
				CLANG_ANALYZER_NONNULL = YES;
				CLANG_ANALYZER_NUMBER_OBJECT_CONVERSION = YES_AGGRESSIVE;
				CLANG_CXX_LANGUAGE_STANDARD = "gnu++17";
				CLANG_CXX_LIBRARY = "libc++";
				CLANG_ENABLE_MODULES = YES;
				CLANG_ENABLE_OBJC_ARC = YES;
				CLANG_ENABLE_OBJC_WEAK = YES;
				CLANG_WARN_BLOCK_CAPTURE_AUTORELEASING = YES;
				CLANG_WARN_BOOL_CONVERSION = YES;
				CLANG_WARN_COMMA = YES;
				CLANG_WARN_CONSTANT_CONVERSION = YES;
				CLANG_WARN_DEPRECATED_OBJC_IMPLEMENTATIONS = YES;
				CLANG_WARN_DIRECT_OBJC_ISA_USAGE = YES_ERROR;
				CLANG_WARN_DOCUMENTATION_COMMENTS = YES;
				CLANG_WARN_EMPTY_BODY = YES;
				CLANG_WARN_ENUM_CONVERSION = YES;
				CLANG_WARN_INFINITE_RECURSION = YES;
				CLANG_WARN_INT_CONVERSION = YES;
				CLANG_WARN_NON_LITERAL_NULL_CONVERSION = YES;
				CLANG_WARN_OBJC_IMPLICIT_RETAIN_SELF = YES;
				CLANG_WARN_OBJC_LITERAL_CONVERSION = YES;
				CLANG_WARN_OBJC_ROOT_CLASS = YES_ERROR;
				CLANG_WARN_QUOTED_INCLUDE_IN_FRAMEWORK_HEADER = YES;
				CLANG_WARN_RANGE_LOOP_ANALYSIS = YES;
				CLANG_WARN_STRICT_PROTOTYPES = YES;
				CLANG_WARN_SUSPICIOUS_MOVE = YES;
				CLANG_WARN_UNGUARDED_AVAILABILITY = YES_AGGRESSIVE;
				CLANG_WARN_UNREACHABLE_CODE = YES;
				CLANG_WARN__DUPLICATE_METHOD_MATCH = YES;
				COPY_PHASE_STRIP = NO;
				DEBUG_INFORMATION_FORMAT = dwarf;
				ENABLE_STRICT_OBJC_MSGSEND = YES;
				ENABLE_TESTABILITY = YES;
				GCC_C_LANGUAGE_STANDARD = gnu11;
				GCC_DYNAMIC_NO_PIC = NO;
				GCC_NO_COMMON_BLOCKS = YES;
				GCC_OPTIMIZATION_LEVEL = 0;
				GCC_PREPROCESSOR_DEFINITIONS = (
					"DEBUG=1",
					"$(inherited)",
				);
				GCC_WARN_64_TO_32_BIT_CONVERSION = YES;
				GCC_WARN_ABOUT_RETURN_TYPE = YES_ERROR;
				GCC_WARN_UNDECLARED_SELECTOR = YES;
				GCC_WARN_UNINITIALIZED_AUTOS = YES_AGGRESSIVE;
				GCC_WARN_UNUSED_FUNCTION = YES;
				GCC_WARN_UNUSED_VARIABLE = YES;
				IPHONEOS_DEPLOYMENT_TARGET = 15.5;
				MTL_ENABLE_DEBUG_INFO = INCLUDE_SOURCE;
				MTL_FAST_MATH = YES;
				ONLY_ACTIVE_ARCH = YES;
				SDKROOT = iphoneos;
				SWIFT_ACTIVE_COMPILATION_CONDITIONS = DEBUG;
				SWIFT_OPTIMIZATION_LEVEL = "-Onone";
			};
			name = Debug;
		};
		28FBA6D627A9E247000B11C6 /* Release */ = {
			isa = XCBuildConfiguration;
			buildSettings = {
				ALWAYS_SEARCH_USER_PATHS = NO;
				CLANG_ANALYZER_NONNULL = YES;
				CLANG_ANALYZER_NUMBER_OBJECT_CONVERSION = YES_AGGRESSIVE;
				CLANG_CXX_LANGUAGE_STANDARD = "gnu++17";
				CLANG_CXX_LIBRARY = "libc++";
				CLANG_ENABLE_MODULES = YES;
				CLANG_ENABLE_OBJC_ARC = YES;
				CLANG_ENABLE_OBJC_WEAK = YES;
				CLANG_WARN_BLOCK_CAPTURE_AUTORELEASING = YES;
				CLANG_WARN_BOOL_CONVERSION = YES;
				CLANG_WARN_COMMA = YES;
				CLANG_WARN_CONSTANT_CONVERSION = YES;
				CLANG_WARN_DEPRECATED_OBJC_IMPLEMENTATIONS = YES;
				CLANG_WARN_DIRECT_OBJC_ISA_USAGE = YES_ERROR;
				CLANG_WARN_DOCUMENTATION_COMMENTS = YES;
				CLANG_WARN_EMPTY_BODY = YES;
				CLANG_WARN_ENUM_CONVERSION = YES;
				CLANG_WARN_INFINITE_RECURSION = YES;
				CLANG_WARN_INT_CONVERSION = YES;
				CLANG_WARN_NON_LITERAL_NULL_CONVERSION = YES;
				CLANG_WARN_OBJC_IMPLICIT_RETAIN_SELF = YES;
				CLANG_WARN_OBJC_LITERAL_CONVERSION = YES;
				CLANG_WARN_OBJC_ROOT_CLASS = YES_ERROR;
				CLANG_WARN_QUOTED_INCLUDE_IN_FRAMEWORK_HEADER = YES;
				CLANG_WARN_RANGE_LOOP_ANALYSIS = YES;
				CLANG_WARN_STRICT_PROTOTYPES = YES;
				CLANG_WARN_SUSPICIOUS_MOVE = YES;
				CLANG_WARN_UNGUARDED_AVAILABILITY = YES_AGGRESSIVE;
				CLANG_WARN_UNREACHABLE_CODE = YES;
				CLANG_WARN__DUPLICATE_METHOD_MATCH = YES;
				COPY_PHASE_STRIP = NO;
				DEBUG_INFORMATION_FORMAT = "dwarf-with-dsym";
				ENABLE_NS_ASSERTIONS = NO;
				ENABLE_STRICT_OBJC_MSGSEND = YES;
				GCC_C_LANGUAGE_STANDARD = gnu11;
				GCC_NO_COMMON_BLOCKS = YES;
				GCC_WARN_64_TO_32_BIT_CONVERSION = YES;
				GCC_WARN_ABOUT_RETURN_TYPE = YES_ERROR;
				GCC_WARN_UNDECLARED_SELECTOR = YES;
				GCC_WARN_UNINITIALIZED_AUTOS = YES_AGGRESSIVE;
				GCC_WARN_UNUSED_FUNCTION = YES;
				GCC_WARN_UNUSED_VARIABLE = YES;
				IPHONEOS_DEPLOYMENT_TARGET = 15.5;
				MTL_ENABLE_DEBUG_INFO = NO;
				MTL_FAST_MATH = YES;
				SDKROOT = iphoneos;
				SWIFT_COMPILATION_MODE = wholemodule;
				SWIFT_OPTIMIZATION_LEVEL = "-O";
				VALIDATE_PRODUCT = YES;
			};
			name = Release;
		};
		28FBA6D827A9E247000B11C6 /* Debug */ = {
			isa = XCBuildConfiguration;
			buildSettings = {
				ASSETCATALOG_COMPILER_APPICON_NAME = AppIcon;
				ASSETCATALOG_COMPILER_GLOBAL_ACCENT_COLOR_NAME = AccentColor;
				CODE_SIGN_ENTITLEMENTS = FullPlay/FullPlay.entitlements;
				CODE_SIGN_STYLE = Automatic;
				CURRENT_PROJECT_VERSION = 1;
				DEVELOPMENT_ASSET_PATHS = "\"FullPlay/Preview Content\"";
				DEVELOPMENT_TEAM = VQ73RGVN86;
				ENABLE_PREVIEWS = YES;
				GENERATE_INFOPLIST_FILE = YES;
				INFOPLIST_KEY_UIApplicationSceneManifest_Generation = YES;
				INFOPLIST_KEY_UIApplicationSupportsIndirectInputEvents = YES;
				INFOPLIST_KEY_UILaunchScreen_Generation = YES;
				INFOPLIST_KEY_UISupportedInterfaceOrientations_iPad = "UIInterfaceOrientationPortrait UIInterfaceOrientationPortraitUpsideDown UIInterfaceOrientationLandscapeLeft UIInterfaceOrientationLandscapeRight";
				INFOPLIST_KEY_UISupportedInterfaceOrientations_iPhone = "UIInterfaceOrientationPortrait UIInterfaceOrientationLandscapeLeft UIInterfaceOrientationLandscapeRight";
				LD_RUNPATH_SEARCH_PATHS = (
					"$(inherited)",
					"@executable_path/Frameworks",
				);
				MARKETING_VERSION = 1.0;
				PRODUCT_BUNDLE_IDENTIFIER = com.hbravoDev.FullPlay;
				PRODUCT_NAME = "$(TARGET_NAME)";
				SWIFT_EMIT_LOC_STRINGS = YES;
				SWIFT_VERSION = 5.0;
				TARGETED_DEVICE_FAMILY = "1,2";
			};
			name = Debug;
		};
		28FBA6D927A9E247000B11C6 /* Release */ = {
			isa = XCBuildConfiguration;
			buildSettings = {
				ASSETCATALOG_COMPILER_APPICON_NAME = AppIcon;
				ASSETCATALOG_COMPILER_GLOBAL_ACCENT_COLOR_NAME = AccentColor;
				CODE_SIGN_ENTITLEMENTS = FullPlay/FullPlay.entitlements;
				CODE_SIGN_STYLE = Automatic;
				CURRENT_PROJECT_VERSION = 1;
				DEVELOPMENT_ASSET_PATHS = "\"FullPlay/Preview Content\"";
				DEVELOPMENT_TEAM = VQ73RGVN86;
				ENABLE_PREVIEWS = YES;
				GENERATE_INFOPLIST_FILE = YES;
				INFOPLIST_KEY_UIApplicationSceneManifest_Generation = YES;
				INFOPLIST_KEY_UIApplicationSupportsIndirectInputEvents = YES;
				INFOPLIST_KEY_UILaunchScreen_Generation = YES;
				INFOPLIST_KEY_UISupportedInterfaceOrientations_iPad = "UIInterfaceOrientationPortrait UIInterfaceOrientationPortraitUpsideDown UIInterfaceOrientationLandscapeLeft UIInterfaceOrientationLandscapeRight";
				INFOPLIST_KEY_UISupportedInterfaceOrientations_iPhone = "UIInterfaceOrientationPortrait UIInterfaceOrientationLandscapeLeft UIInterfaceOrientationLandscapeRight";
				LD_RUNPATH_SEARCH_PATHS = (
					"$(inherited)",
					"@executable_path/Frameworks",
				);
				MARKETING_VERSION = 1.0;
				PRODUCT_BUNDLE_IDENTIFIER = com.hbravoDev.FullPlay;
				PRODUCT_NAME = "$(TARGET_NAME)";
				SWIFT_EMIT_LOC_STRINGS = YES;
				SWIFT_VERSION = 5.0;
				TARGETED_DEVICE_FAMILY = "1,2";
			};
			name = Release;
		};
/* End XCBuildConfiguration section */

/* Begin XCConfigurationList section */
		28FBA6C427A9E245000B11C6 /* Build configuration list for PBXProject "FullPlay" */ = {
			isa = XCConfigurationList;
			buildConfigurations = (
				28FBA6D527A9E247000B11C6 /* Debug */,
				28FBA6D627A9E247000B11C6 /* Release */,
			);
			defaultConfigurationIsVisible = 0;
			defaultConfigurationName = Release;
		};
		28FBA6D727A9E247000B11C6 /* Build configuration list for PBXNativeTarget "FullPlay" */ = {
			isa = XCConfigurationList;
			buildConfigurations = (
				28FBA6D827A9E247000B11C6 /* Debug */,
				28FBA6D927A9E247000B11C6 /* Release */,
			);
			defaultConfigurationIsVisible = 0;
			defaultConfigurationName = Release;
		};
/* End XCConfigurationList section */

/* Begin XCRemoteSwiftPackageReference section */
		28E02E5C27B47E0300F69A30 /* XCRemoteSwiftPackageReference "purchases-ios" */ = {
			isa = XCRemoteSwiftPackageReference;
			repositoryURL = "https://github.com/RevenueCat/purchases-ios.git";
			requirement = {
				kind = upToNextMajorVersion;
				minimumVersion = 3.0.0;
			};
		};
/* End XCRemoteSwiftPackageReference section */

/* Begin XCSwiftPackageProductDependency section */
		28E02E5D27B47E0300F69A30 /* Purchases */ = {
			isa = XCSwiftPackageProductDependency;
			package = 28E02E5C27B47E0300F69A30 /* XCRemoteSwiftPackageReference "purchases-ios" */;
			productName = Purchases;
		};
/* End XCSwiftPackageProductDependency section */
	};
	rootObject = 28FBA6C127A9E245000B11C6 /* Project object */;
}
